
Microsoft Visual Studio Solution File, Format Version 12.00
# Visual Studio Version 17
VisualStudioVersion = 17.8.34330.188
MinimumVisualStudioVersion = 10.0.40219.1
Project("{FAE04EC0-301F-11D3-BF4B-00C04F79EFBC}") = "BasicGettersAndSetters", "BasicGettersAndSetters.csproj", "{55607A8D-3B66-4815-8037-F86660027BAB}"
EndProject
Global
	GlobalSection(SolutionConfigurationPlatforms) = preSolution
		Debug|Any CPU = Debug|Any CPU
		Release|Any CPU = Release|Any CPU
	EndGlobalSection
	GlobalSection(ProjectConfigurationPlatforms) = postSolution
		{55607A8D-3B66-4815-8037-F86660027BAB}.Debug|Any CPU.ActiveCfg = Debug|Any CPU
		{55607A8D-3B66-4815-8037-F86660027BAB}.Debug|Any CPU.Build.0 = Debug|Any CPU
		{55607A8D-3B66-4815-8037-F86660027BAB}.Release|Any CPU.ActiveCfg = Release|Any CPU
		{55607A8D-3B66-4815-8037-F86660027BAB}.Release|Any CPU.Build.0 = Release|Any CPU
	EndGlobalSection
	GlobalSection(SolutionProperties) = preSolution
		HideSolutionNode = FALSE
	EndGlobalSection
	GlobalSection(ExtensibilityGlobals) = postSolution
		SolutionGuid = {0EDF3D11-2638-4888-9DD8-B56342B9BEB5}
	EndGlobalSection
EndGlobal
