
Microsoft Visual Studio Solution File, Format Version 12.00
# Visual Studio Version 17
VisualStudioVersion = 17.8.34330.188
MinimumVisualStudioVersion = 10.0.40219.1
Project("{FAE04EC0-301F-11D3-BF4B-00C04F79EFBC}") = "ArrayChallenge1", "ArrayChallenge1.csproj", "{503D1A18-A9D7-41F8-80BF-F109EF648331}"
EndProject
Global
	GlobalSection(SolutionConfigurationPlatforms) = preSolution
		Debug|Any CPU = Debug|Any CPU
		Release|Any CPU = Release|Any CPU
	EndGlobalSection
	GlobalSection(ProjectConfigurationPlatforms) = postSolution
		{503D1A18-A9D7-41F8-80BF-F109EF648331}.Debug|Any CPU.ActiveCfg = Debug|Any CPU
		{503D1A18-A9D7-41F8-80BF-F109EF648331}.Debug|Any CPU.Build.0 = Debug|Any CPU
		{503D1A18-A9D7-41F8-80BF-F109EF648331}.Release|Any CPU.ActiveCfg = Release|Any CPU
		{503D1A18-A9D7-41F8-80BF-F109EF648331}.Release|Any CPU.Build.0 = Release|Any CPU
	EndGlobalSection
	GlobalSection(SolutionProperties) = preSolution
		HideSolutionNode = FALSE
	EndGlobalSection
	GlobalSection(ExtensibilityGlobals) = postSolution
		SolutionGuid = {523FA1BB-BDF6-46CF-8924-E7B8D50257A5}
	EndGlobalSection
EndGlobal
