
Microsoft Visual Studio Solution File, Format Version 12.00
# Visual Studio Version 17
VisualStudioVersion = 17.8.34330.188
MinimumVisualStudioVersion = 10.0.40219.1
Project("{FAE04EC0-301F-11D3-BF4B-00C04F79EFBC}") = "RouletteProgram", "RouletteProgram.csproj", "{09F02E97-612F-4FD8-82DC-DCA7FB0D59D7}"
EndProject
Global
	GlobalSection(SolutionConfigurationPlatforms) = preSolution
		Debug|Any CPU = Debug|Any CPU
		Release|Any CPU = Release|Any CPU
	EndGlobalSection
	GlobalSection(ProjectConfigurationPlatforms) = postSolution
		{09F02E97-612F-4FD8-82DC-DCA7FB0D59D7}.Debug|Any CPU.ActiveCfg = Debug|Any CPU
		{09F02E97-612F-4FD8-82DC-DCA7FB0D59D7}.Debug|Any CPU.Build.0 = Debug|Any CPU
		{09F02E97-612F-4FD8-82DC-DCA7FB0D59D7}.Release|Any CPU.ActiveCfg = Release|Any CPU
		{09F02E97-612F-4FD8-82DC-DCA7FB0D59D7}.Release|Any CPU.Build.0 = Release|Any CPU
	EndGlobalSection
	GlobalSection(SolutionProperties) = preSolution
		HideSolutionNode = FALSE
	EndGlobalSection
	GlobalSection(ExtensibilityGlobals) = postSolution
		SolutionGuid = {4B2337C7-9E55-4F9A-8A71-341877CC9A3F}
	EndGlobalSection
EndGlobal
